// !$*UTF8*$!
{
	archiveVersion = 1;
	classes = {
	};
	objectVersion = 56;
	objects = {

/* Begin PBXBuildFile section */
		09ADDC5A28D5C1F6007B6623 /* AppDelegate.swift in Sources */ = {isa = PBXBuildFile; fileRef = 09ADDC5928D5C1F6007B6623 /* AppDelegate.swift */; };
		09ADDC5C28D5C1F6007B6623 /* SceneDelegate.swift in Sources */ = {isa = PBXBuildFile; fileRef = 09ADDC5B28D5C1F6007B6623 /* SceneDelegate.swift */; };
		09ADDC6428D5C1F6007B6623 /* MentalHealth.xcdatamodeld in Sources */ = {isa = PBXBuildFile; fileRef = 09ADDC6228D5C1F6007B6623 /* MentalHealth.xcdatamodeld */; };
		09ADDC6628D5C1F8007B6623 /* Assets.xcassets in Resources */ = {isa = PBXBuildFile; fileRef = 09ADDC6528D5C1F8007B6623 /* Assets.xcassets */; };
		09ADDC6928D5C1F8007B6623 /* LaunchScreen.storyboard in Resources */ = {isa = PBXBuildFile; fileRef = 09ADDC6728D5C1F8007B6623 /* LaunchScreen.storyboard */; };
		09ADDC7128D5C323007B6623 /* TabBarVC.swift in Sources */ = {isa = PBXBuildFile; fileRef = 09ADDC7028D5C323007B6623 /* TabBarVC.swift */; };
		09ADDC7328D5C361007B6623 /* HomeVC.swift in Sources */ = {isa = PBXBuildFile; fileRef = 09ADDC7228D5C361007B6623 /* HomeVC.swift */; };
		09ADDC7928D5C3A2007B6623 /* OpportunitiesVC.swift in Sources */ = {isa = PBXBuildFile; fileRef = 09ADDC7828D5C3A2007B6623 /* OpportunitiesVC.swift */; };
		09ADDC7C28D5C3EE007B6623 /* BlogVC.swift in Sources */ = {isa = PBXBuildFile; fileRef = 09ADDC7B28D5C3EE007B6623 /* BlogVC.swift */; };
		09ADDC7F28D5C40A007B6623 /* ProfileVC.swift in Sources */ = {isa = PBXBuildFile; fileRef = 09ADDC7E28D5C40A007B6623 /* ProfileVC.swift */; };
		09ADDC8228D5CC5D007B6623 /* ProgressView.swift in Sources */ = {isa = PBXBuildFile; fileRef = 09ADDC8128D5CC5D007B6623 /* ProgressView.swift */; };
		09B0211828D5CCC00010C4B7 /* ProgressViewModel.swift in Sources */ = {isa = PBXBuildFile; fileRef = 09B0211728D5CCC00010C4B7 /* ProgressViewModel.swift */; };
		09B0211A28D5CE100010C4B7 /* MoodChart.swift in Sources */ = {isa = PBXBuildFile; fileRef = 09B0211928D5CE100010C4B7 /* MoodChart.swift */; };
		09B0211C28D5D35D0010C4B7 /* Mood.swift in Sources */ = {isa = PBXBuildFile; fileRef = 09B0211B28D5D35D0010C4B7 /* Mood.swift */; };
		09B0211F28D5D8430010C4B7 /* MoodProgress.swift in Sources */ = {isa = PBXBuildFile; fileRef = 09B0211E28D5D8430010C4B7 /* MoodProgress.swift */; };
		09B0212728D5DB3B0010C4B7 /* e-Ukraine-Thin.otf in Resources */ = {isa = PBXBuildFile; fileRef = 09B0212128D5DB3B0010C4B7 /* e-Ukraine-Thin.otf */; };
		09B0212828D5DB3B0010C4B7 /* e-Ukraine-Light.otf in Resources */ = {isa = PBXBuildFile; fileRef = 09B0212228D5DB3B0010C4B7 /* e-Ukraine-Light.otf */; };
		09B0212928D5DB3B0010C4B7 /* e-Ukraine-UltraLight.otf in Resources */ = {isa = PBXBuildFile; fileRef = 09B0212328D5DB3B0010C4B7 /* e-Ukraine-UltraLight.otf */; };
		09B0212A28D5DB3B0010C4B7 /* e-Ukraine-Medium.otf in Resources */ = {isa = PBXBuildFile; fileRef = 09B0212428D5DB3B0010C4B7 /* e-Ukraine-Medium.otf */; };
		09B0212B28D5DB3B0010C4B7 /* e-Ukraine-Bold.otf in Resources */ = {isa = PBXBuildFile; fileRef = 09B0212528D5DB3B0010C4B7 /* e-Ukraine-Bold.otf */; };
		09B0212C28D5DB3B0010C4B7 /* e-Ukraine-Regular.otf in Resources */ = {isa = PBXBuildFile; fileRef = 09B0212628D5DB3B0010C4B7 /* e-Ukraine-Regular.otf */; };
		09B0212E28D5DBC20010C4B7 /* Font+Extension.swift in Sources */ = {isa = PBXBuildFile; fileRef = 09B0212D28D5DBC20010C4B7 /* Font+Extension.swift */; };
		09B0213028D5E83F0010C4B7 /* Color+Extension.swift in Sources */ = {isa = PBXBuildFile; fileRef = 09B0212F28D5E83F0010C4B7 /* Color+Extension.swift */; };
		D9AD694028D5CA4400610D64 /* UIView+Extension.swift in Sources */ = {isa = PBXBuildFile; fileRef = D9AD693F28D5CA4400610D64 /* UIView+Extension.swift */; };
		D9AD694328D5CA7000610D64 /* CombineCocoa in Frameworks */ = {isa = PBXBuildFile; productRef = D9AD694228D5CA7000610D64 /* CombineCocoa */; };
		D9AD694728D5CC4300610D64 /* BlogCollectionViewCell.swift in Sources */ = {isa = PBXBuildFile; fileRef = D9AD694628D5CC4300610D64 /* BlogCollectionViewCell.swift */; };
		D9AD694A28D5CCB100610D64 /* Reusable.swift in Sources */ = {isa = PBXBuildFile; fileRef = D9AD694928D5CCB100610D64 /* Reusable.swift */; };
		D9AD694C28D5CCFE00610D64 /* BlogCollectionLayout.swift in Sources */ = {isa = PBXBuildFile; fileRef = D9AD694B28D5CCFE00610D64 /* BlogCollectionLayout.swift */; };
/* End PBXBuildFile section */

/* Begin PBXFileReference section */
		09ADDC5628D5C1F6007B6623 /* MentalHealth.app */ = {isa = PBXFileReference; explicitFileType = wrapper.application; includeInIndex = 0; path = MentalHealth.app; sourceTree = BUILT_PRODUCTS_DIR; };
		09ADDC5928D5C1F6007B6623 /* AppDelegate.swift */ = {isa = PBXFileReference; lastKnownFileType = sourcecode.swift; path = AppDelegate.swift; sourceTree = "<group>"; };
		09ADDC5B28D5C1F6007B6623 /* SceneDelegate.swift */ = {isa = PBXFileReference; lastKnownFileType = sourcecode.swift; path = SceneDelegate.swift; sourceTree = "<group>"; };
		09ADDC6328D5C1F6007B6623 /* MentalHealth.xcdatamodel */ = {isa = PBXFileReference; lastKnownFileType = wrapper.xcdatamodel; path = MentalHealth.xcdatamodel; sourceTree = "<group>"; };
		09ADDC6528D5C1F8007B6623 /* Assets.xcassets */ = {isa = PBXFileReference; lastKnownFileType = folder.assetcatalog; path = Assets.xcassets; sourceTree = "<group>"; };
		09ADDC6828D5C1F8007B6623 /* Base */ = {isa = PBXFileReference; lastKnownFileType = file.storyboard; name = Base; path = Base.lproj/LaunchScreen.storyboard; sourceTree = "<group>"; };
		09ADDC6A28D5C1F8007B6623 /* Info.plist */ = {isa = PBXFileReference; lastKnownFileType = text.plist.xml; path = Info.plist; sourceTree = "<group>"; };
		09ADDC7028D5C323007B6623 /* TabBarVC.swift */ = {isa = PBXFileReference; lastKnownFileType = sourcecode.swift; path = TabBarVC.swift; sourceTree = "<group>"; };
		09ADDC7228D5C361007B6623 /* HomeVC.swift */ = {isa = PBXFileReference; lastKnownFileType = sourcecode.swift; path = HomeVC.swift; sourceTree = "<group>"; };
		09ADDC7828D5C3A2007B6623 /* OpportunitiesVC.swift */ = {isa = PBXFileReference; lastKnownFileType = sourcecode.swift; path = OpportunitiesVC.swift; sourceTree = "<group>"; };
		09ADDC7B28D5C3EE007B6623 /* BlogVC.swift */ = {isa = PBXFileReference; lastKnownFileType = sourcecode.swift; path = BlogVC.swift; sourceTree = "<group>"; };
		09ADDC7E28D5C40A007B6623 /* ProfileVC.swift */ = {isa = PBXFileReference; lastKnownFileType = sourcecode.swift; path = ProfileVC.swift; sourceTree = "<group>"; };
		09ADDC8128D5CC5D007B6623 /* ProgressView.swift */ = {isa = PBXFileReference; lastKnownFileType = sourcecode.swift; path = ProgressView.swift; sourceTree = "<group>"; };
		09B0211728D5CCC00010C4B7 /* ProgressViewModel.swift */ = {isa = PBXFileReference; lastKnownFileType = sourcecode.swift; path = ProgressViewModel.swift; sourceTree = "<group>"; };
		09B0211928D5CE100010C4B7 /* MoodChart.swift */ = {isa = PBXFileReference; lastKnownFileType = sourcecode.swift; path = MoodChart.swift; sourceTree = "<group>"; };
		09B0211B28D5D35D0010C4B7 /* Mood.swift */ = {isa = PBXFileReference; lastKnownFileType = sourcecode.swift; path = Mood.swift; sourceTree = "<group>"; };
		09B0211E28D5D8430010C4B7 /* MoodProgress.swift */ = {isa = PBXFileReference; lastKnownFileType = sourcecode.swift; path = MoodProgress.swift; sourceTree = "<group>"; };
		09B0212128D5DB3B0010C4B7 /* e-Ukraine-Thin.otf */ = {isa = PBXFileReference; lastKnownFileType = file; path = "e-Ukraine-Thin.otf"; sourceTree = "<group>"; };
		09B0212228D5DB3B0010C4B7 /* e-Ukraine-Light.otf */ = {isa = PBXFileReference; lastKnownFileType = file; path = "e-Ukraine-Light.otf"; sourceTree = "<group>"; };
		09B0212328D5DB3B0010C4B7 /* e-Ukraine-UltraLight.otf */ = {isa = PBXFileReference; lastKnownFileType = file; path = "e-Ukraine-UltraLight.otf"; sourceTree = "<group>"; };
		09B0212428D5DB3B0010C4B7 /* e-Ukraine-Medium.otf */ = {isa = PBXFileReference; lastKnownFileType = file; path = "e-Ukraine-Medium.otf"; sourceTree = "<group>"; };
		09B0212528D5DB3B0010C4B7 /* e-Ukraine-Bold.otf */ = {isa = PBXFileReference; lastKnownFileType = file; path = "e-Ukraine-Bold.otf"; sourceTree = "<group>"; };
		09B0212628D5DB3B0010C4B7 /* e-Ukraine-Regular.otf */ = {isa = PBXFileReference; lastKnownFileType = file; path = "e-Ukraine-Regular.otf"; sourceTree = "<group>"; };
		09B0212D28D5DBC20010C4B7 /* Font+Extension.swift */ = {isa = PBXFileReference; lastKnownFileType = sourcecode.swift; path = "Font+Extension.swift"; sourceTree = "<group>"; };
		09B0212F28D5E83F0010C4B7 /* Color+Extension.swift */ = {isa = PBXFileReference; lastKnownFileType = sourcecode.swift; path = "Color+Extension.swift"; sourceTree = "<group>"; };
		D9AD693F28D5CA4400610D64 /* UIView+Extension.swift */ = {isa = PBXFileReference; lastKnownFileType = sourcecode.swift; path = "UIView+Extension.swift"; sourceTree = "<group>"; };
		D9AD694628D5CC4300610D64 /* BlogCollectionViewCell.swift */ = {isa = PBXFileReference; lastKnownFileType = sourcecode.swift; path = BlogCollectionViewCell.swift; sourceTree = "<group>"; };
		D9AD694928D5CCB100610D64 /* Reusable.swift */ = {isa = PBXFileReference; lastKnownFileType = sourcecode.swift; path = Reusable.swift; sourceTree = "<group>"; };
		D9AD694B28D5CCFE00610D64 /* BlogCollectionLayout.swift */ = {isa = PBXFileReference; lastKnownFileType = sourcecode.swift; path = BlogCollectionLayout.swift; sourceTree = "<group>"; };
/* End PBXFileReference section */

/* Begin PBXFrameworksBuildPhase section */
		09ADDC5328D5C1F6007B6623 /* Frameworks */ = {
			isa = PBXFrameworksBuildPhase;
			buildActionMask = 2147483647;
			files = (
				D9AD694328D5CA7000610D64 /* CombineCocoa in Frameworks */,
			);
			runOnlyForDeploymentPostprocessing = 0;
		};
/* End PBXFrameworksBuildPhase section */

/* Begin PBXGroup section */
		09ADDC4D28D5C1F6007B6623 = {
			isa = PBXGroup;
			children = (
				09ADDC5828D5C1F6007B6623 /* MentalHealth */,
				09ADDC5728D5C1F6007B6623 /* Products */,
			);
			sourceTree = "<group>";
		};
		09ADDC5728D5C1F6007B6623 /* Products */ = {
			isa = PBXGroup;
			children = (
				09ADDC5628D5C1F6007B6623 /* MentalHealth.app */,
			);
			name = Products;
			sourceTree = "<group>";
		};
		09ADDC5828D5C1F6007B6623 /* MentalHealth */ = {
			isa = PBXGroup;
			children = (
				09ADDC5928D5C1F6007B6623 /* AppDelegate.swift */,
				09ADDC5B28D5C1F6007B6623 /* SceneDelegate.swift */,
				09ADDC7028D5C323007B6623 /* TabBarVC.swift */,
				09B0211D28D5D3600010C4B7 /* Models */,
				09ADDC7428D5C368007B6623 /* Home */,
				09ADDC7728D5C383007B6623 /* Progress */,
				09ADDC7A28D5C3A4007B6623 /* Opportunities */,
				09ADDC7D28D5C3F1007B6623 /* Blog */,
				09ADDC8028D5C40D007B6623 /* ProfileVC */,
				D9AD693C28D5CA1200610D64 /* Common */,
				09ADDC6528D5C1F8007B6623 /* Assets.xcassets */,
				09ADDC6728D5C1F8007B6623 /* LaunchScreen.storyboard */,
				09ADDC6A28D5C1F8007B6623 /* Info.plist */,
				09ADDC6228D5C1F6007B6623 /* MentalHealth.xcdatamodeld */,
			);
			path = MentalHealth;
			sourceTree = "<group>";
		};
		09ADDC7428D5C368007B6623 /* Home */ = {
			isa = PBXGroup;
			children = (
				09ADDC7228D5C361007B6623 /* HomeVC.swift */,
			);
			path = Home;
			sourceTree = "<group>";
		};
		09ADDC7728D5C383007B6623 /* Progress */ = {
			isa = PBXGroup;
			children = (
				09ADDC8128D5CC5D007B6623 /* ProgressView.swift */,
				09B0211728D5CCC00010C4B7 /* ProgressViewModel.swift */,
				09B0211928D5CE100010C4B7 /* MoodChart.swift */,
				09B0211E28D5D8430010C4B7 /* MoodProgress.swift */,
			);
			path = Progress;
			sourceTree = "<group>";
		};
		09ADDC7A28D5C3A4007B6623 /* Opportunities */ = {
			isa = PBXGroup;
			children = (
				09ADDC7828D5C3A2007B6623 /* OpportunitiesVC.swift */,
			);
			path = Opportunities;
			sourceTree = "<group>";
		};
		09ADDC7D28D5C3F1007B6623 /* Blog */ = {
			isa = PBXGroup;
			children = (
				09ADDC7B28D5C3EE007B6623 /* BlogVC.swift */,
				D9AD694628D5CC4300610D64 /* BlogCollectionViewCell.swift */,
				D9AD694B28D5CCFE00610D64 /* BlogCollectionLayout.swift */,
			);
			path = Blog;
			sourceTree = "<group>";
		};
		09ADDC8028D5C40D007B6623 /* ProfileVC */ = {
			isa = PBXGroup;
			children = (
				09ADDC7E28D5C40A007B6623 /* ProfileVC.swift */,
			);
			path = ProfileVC;
			sourceTree = "<group>";
		};
		09B0211D28D5D3600010C4B7 /* Models */ = {
			isa = PBXGroup;
			children = (
				09B0211B28D5D35D0010C4B7 /* Mood.swift */,
			);
			path = Models;
			sourceTree = "<group>";
		};
		09B0212028D5DAFC0010C4B7 /* Fonts */ = {
			isa = PBXGroup;
			children = (
				09B0212528D5DB3B0010C4B7 /* e-Ukraine-Bold.otf */,
				09B0212228D5DB3B0010C4B7 /* e-Ukraine-Light.otf */,
				09B0212428D5DB3B0010C4B7 /* e-Ukraine-Medium.otf */,
				09B0212628D5DB3B0010C4B7 /* e-Ukraine-Regular.otf */,
				09B0212128D5DB3B0010C4B7 /* e-Ukraine-Thin.otf */,
				09B0212328D5DB3B0010C4B7 /* e-Ukraine-UltraLight.otf */,
			);
			path = Fonts;
			sourceTree = "<group>";
		};
		D9AD693C28D5CA1200610D64 /* Common */ = {
			isa = PBXGroup;
			children = (
				D9AD694828D5CCA500610D64 /* Protocol */,
				09B0212028D5DAFC0010C4B7 /* Fonts */,
				D9AD693E28D5CA2B00610D64 /* Extension */,
			);
			path = Common;
			sourceTree = "<group>";
		};
		D9AD693E28D5CA2B00610D64 /* Extension */ = {
			isa = PBXGroup;
			children = (
				09B0212D28D5DBC20010C4B7 /* Font+Extension.swift */,
				D9AD693F28D5CA4400610D64 /* UIView+Extension.swift */,
				09B0212F28D5E83F0010C4B7 /* Color+Extension.swift */,
			);
			path = Extension;
			sourceTree = "<group>";
		};
		D9AD694828D5CCA500610D64 /* Protocol */ = {
			isa = PBXGroup;
			children = (
				D9AD694928D5CCB100610D64 /* Reusable.swift */,
			);
			path = Protocol;
			sourceTree = "<group>";
		};
/* End PBXGroup section */

/* Begin PBXNativeTarget section */
		09ADDC5528D5C1F6007B6623 /* MentalHealth */ = {
			isa = PBXNativeTarget;
			buildConfigurationList = 09ADDC6D28D5C1F8007B6623 /* Build configuration list for PBXNativeTarget "MentalHealth" */;
			buildPhases = (
				09ADDC5228D5C1F6007B6623 /* Sources */,
				09ADDC5328D5C1F6007B6623 /* Frameworks */,
				09ADDC5428D5C1F6007B6623 /* Resources */,
			);
			buildRules = (
			);
			dependencies = (
			);
			name = MentalHealth;
			packageProductDependencies = (
				D9AD694228D5CA7000610D64 /* CombineCocoa */,
			);
			productName = MentalHealth;
			productReference = 09ADDC5628D5C1F6007B6623 /* MentalHealth.app */;
			productType = "com.apple.product-type.application";
		};
/* End PBXNativeTarget section */

/* Begin PBXProject section */
		09ADDC4E28D5C1F6007B6623 /* Project object */ = {
			isa = PBXProject;
			attributes = {
				BuildIndependentTargetsInParallel = 1;
				LastSwiftUpdateCheck = 1400;
				LastUpgradeCheck = 1400;
				TargetAttributes = {
					09ADDC5528D5C1F6007B6623 = {
						CreatedOnToolsVersion = 14.0;
					};
				};
			};
			buildConfigurationList = 09ADDC5128D5C1F6007B6623 /* Build configuration list for PBXProject "MentalHealth" */;
			compatibilityVersion = "Xcode 14.0";
			developmentRegion = en;
			hasScannedForEncodings = 0;
			knownRegions = (
				en,
				Base,
			);
			mainGroup = 09ADDC4D28D5C1F6007B6623;
			packageReferences = (
				D9AD694128D5CA7000610D64 /* XCRemoteSwiftPackageReference "CombineCocoa" */,
			);
			productRefGroup = 09ADDC5728D5C1F6007B6623 /* Products */;
			projectDirPath = "";
			projectRoot = "";
			targets = (
				09ADDC5528D5C1F6007B6623 /* MentalHealth */,
			);
		};
/* End PBXProject section */

/* Begin PBXResourcesBuildPhase section */
		09ADDC5428D5C1F6007B6623 /* Resources */ = {
			isa = PBXResourcesBuildPhase;
			buildActionMask = 2147483647;
			files = (
				09B0212828D5DB3B0010C4B7 /* e-Ukraine-Light.otf in Resources */,
				09ADDC6928D5C1F8007B6623 /* LaunchScreen.storyboard in Resources */,
				09B0212A28D5DB3B0010C4B7 /* e-Ukraine-Medium.otf in Resources */,
				09B0212728D5DB3B0010C4B7 /* e-Ukraine-Thin.otf in Resources */,
				09B0212C28D5DB3B0010C4B7 /* e-Ukraine-Regular.otf in Resources */,
				09B0212928D5DB3B0010C4B7 /* e-Ukraine-UltraLight.otf in Resources */,
				09B0212B28D5DB3B0010C4B7 /* e-Ukraine-Bold.otf in Resources */,
				09ADDC6628D5C1F8007B6623 /* Assets.xcassets in Resources */,
			);
			runOnlyForDeploymentPostprocessing = 0;
		};
/* End PBXResourcesBuildPhase section */

/* Begin PBXSourcesBuildPhase section */
		09ADDC5228D5C1F6007B6623 /* Sources */ = {
			isa = PBXSourcesBuildPhase;
			buildActionMask = 2147483647;
			files = (
				D9AD694A28D5CCB100610D64 /* Reusable.swift in Sources */,
				09ADDC6428D5C1F6007B6623 /* MentalHealth.xcdatamodeld in Sources */,
				09ADDC7128D5C323007B6623 /* TabBarVC.swift in Sources */,
				D9AD694C28D5CCFE00610D64 /* BlogCollectionLayout.swift in Sources */,
				09ADDC7328D5C361007B6623 /* HomeVC.swift in Sources */,
				09B0211A28D5CE100010C4B7 /* MoodChart.swift in Sources */,
				09B0211828D5CCC00010C4B7 /* ProgressViewModel.swift in Sources */,
				09B0211C28D5D35D0010C4B7 /* Mood.swift in Sources */,
				09ADDC7F28D5C40A007B6623 /* ProfileVC.swift in Sources */,
				09B0213028D5E83F0010C4B7 /* Color+Extension.swift in Sources */,
				09B0211F28D5D8430010C4B7 /* MoodProgress.swift in Sources */,
				09ADDC5A28D5C1F6007B6623 /* AppDelegate.swift in Sources */,
				09ADDC7C28D5C3EE007B6623 /* BlogVC.swift in Sources */,
				D9AD694728D5CC4300610D64 /* BlogCollectionViewCell.swift in Sources */,
				09ADDC7628D5C380007B6623 /* ProgressVC.swift in Sources */,
				09ADDC7928D5C3A2007B6623 /* OpportunitiesVC.swift in Sources */,
				09B0212E28D5DBC20010C4B7 /* Font+Extension.swift in Sources */,
				D9AD694028D5CA4400610D64 /* UIView+Extension.swift in Sources */,
				09ADDC5C28D5C1F6007B6623 /* SceneDelegate.swift in Sources */,
				09ADDC8228D5CC5D007B6623 /* ProgressView.swift in Sources */,
			);
			runOnlyForDeploymentPostprocessing = 0;
		};
/* End PBXSourcesBuildPhase section */

/* Begin PBXVariantGroup section */
		09ADDC6728D5C1F8007B6623 /* LaunchScreen.storyboard */ = {
			isa = PBXVariantGroup;
			children = (
				09ADDC6828D5C1F8007B6623 /* Base */,
			);
			name = LaunchScreen.storyboard;
			sourceTree = "<group>";
		};
/* End PBXVariantGroup section */

/* Begin XCBuildConfiguration section */
		09ADDC6B28D5C1F8007B6623 /* Debug */ = {
			isa = XCBuildConfiguration;
			buildSettings = {
				ALWAYS_SEARCH_USER_PATHS = NO;
				CLANG_ANALYZER_NONNULL = YES;
				CLANG_ANALYZER_NUMBER_OBJECT_CONVERSION = YES_AGGRESSIVE;
				CLANG_CXX_LANGUAGE_STANDARD = "gnu++20";
				CLANG_ENABLE_MODULES = YES;
				CLANG_ENABLE_OBJC_ARC = YES;
				CLANG_ENABLE_OBJC_WEAK = YES;
				CLANG_WARN_BLOCK_CAPTURE_AUTORELEASING = YES;
				CLANG_WARN_BOOL_CONVERSION = YES;
				CLANG_WARN_COMMA = YES;
				CLANG_WARN_CONSTANT_CONVERSION = YES;
				CLANG_WARN_DEPRECATED_OBJC_IMPLEMENTATIONS = YES;
				CLANG_WARN_DIRECT_OBJC_ISA_USAGE = YES_ERROR;
				CLANG_WARN_DOCUMENTATION_COMMENTS = YES;
				CLANG_WARN_EMPTY_BODY = YES;
				CLANG_WARN_ENUM_CONVERSION = YES;
				CLANG_WARN_INFINITE_RECURSION = YES;
				CLANG_WARN_INT_CONVERSION = YES;
				CLANG_WARN_NON_LITERAL_NULL_CONVERSION = YES;
				CLANG_WARN_OBJC_IMPLICIT_RETAIN_SELF = YES;
				CLANG_WARN_OBJC_LITERAL_CONVERSION = YES;
				CLANG_WARN_OBJC_ROOT_CLASS = YES_ERROR;
				CLANG_WARN_QUOTED_INCLUDE_IN_FRAMEWORK_HEADER = YES;
				CLANG_WARN_RANGE_LOOP_ANALYSIS = YES;
				CLANG_WARN_STRICT_PROTOTYPES = YES;
				CLANG_WARN_SUSPICIOUS_MOVE = YES;
				CLANG_WARN_UNGUARDED_AVAILABILITY = YES_AGGRESSIVE;
				CLANG_WARN_UNREACHABLE_CODE = YES;
				CLANG_WARN__DUPLICATE_METHOD_MATCH = YES;
				COPY_PHASE_STRIP = NO;
				DEBUG_INFORMATION_FORMAT = dwarf;
				ENABLE_STRICT_OBJC_MSGSEND = YES;
				ENABLE_TESTABILITY = YES;
				GCC_C_LANGUAGE_STANDARD = gnu11;
				GCC_DYNAMIC_NO_PIC = NO;
				GCC_NO_COMMON_BLOCKS = YES;
				GCC_OPTIMIZATION_LEVEL = 0;
				GCC_PREPROCESSOR_DEFINITIONS = (
					"DEBUG=1",
					"$(inherited)",
				);
				GCC_WARN_64_TO_32_BIT_CONVERSION = YES;
				GCC_WARN_ABOUT_RETURN_TYPE = YES_ERROR;
				GCC_WARN_UNDECLARED_SELECTOR = YES;
				GCC_WARN_UNINITIALIZED_AUTOS = YES_AGGRESSIVE;
				GCC_WARN_UNUSED_FUNCTION = YES;
				GCC_WARN_UNUSED_VARIABLE = YES;
				IPHONEOS_DEPLOYMENT_TARGET = 16;
				MTL_ENABLE_DEBUG_INFO = INCLUDE_SOURCE;
				MTL_FAST_MATH = YES;
				ONLY_ACTIVE_ARCH = YES;
				SDKROOT = iphoneos;
				SWIFT_ACTIVE_COMPILATION_CONDITIONS = DEBUG;
				SWIFT_OPTIMIZATION_LEVEL = "-Onone";
			};
			name = Debug;
		};
		09ADDC6C28D5C1F8007B6623 /* Release */ = {
			isa = XCBuildConfiguration;
			buildSettings = {
				ALWAYS_SEARCH_USER_PATHS = NO;
				CLANG_ANALYZER_NONNULL = YES;
				CLANG_ANALYZER_NUMBER_OBJECT_CONVERSION = YES_AGGRESSIVE;
				CLANG_CXX_LANGUAGE_STANDARD = "gnu++20";
				CLANG_ENABLE_MODULES = YES;
				CLANG_ENABLE_OBJC_ARC = YES;
				CLANG_ENABLE_OBJC_WEAK = YES;
				CLANG_WARN_BLOCK_CAPTURE_AUTORELEASING = YES;
				CLANG_WARN_BOOL_CONVERSION = YES;
				CLANG_WARN_COMMA = YES;
				CLANG_WARN_CONSTANT_CONVERSION = YES;
				CLANG_WARN_DEPRECATED_OBJC_IMPLEMENTATIONS = YES;
				CLANG_WARN_DIRECT_OBJC_ISA_USAGE = YES_ERROR;
				CLANG_WARN_DOCUMENTATION_COMMENTS = YES;
				CLANG_WARN_EMPTY_BODY = YES;
				CLANG_WARN_ENUM_CONVERSION = YES;
				CLANG_WARN_INFINITE_RECURSION = YES;
				CLANG_WARN_INT_CONVERSION = YES;
				CLANG_WARN_NON_LITERAL_NULL_CONVERSION = YES;
				CLANG_WARN_OBJC_IMPLICIT_RETAIN_SELF = YES;
				CLANG_WARN_OBJC_LITERAL_CONVERSION = YES;
				CLANG_WARN_OBJC_ROOT_CLASS = YES_ERROR;
				CLANG_WARN_QUOTED_INCLUDE_IN_FRAMEWORK_HEADER = YES;
				CLANG_WARN_RANGE_LOOP_ANALYSIS = YES;
				CLANG_WARN_STRICT_PROTOTYPES = YES;
				CLANG_WARN_SUSPICIOUS_MOVE = YES;
				CLANG_WARN_UNGUARDED_AVAILABILITY = YES_AGGRESSIVE;
				CLANG_WARN_UNREACHABLE_CODE = YES;
				CLANG_WARN__DUPLICATE_METHOD_MATCH = YES;
				COPY_PHASE_STRIP = NO;
				DEBUG_INFORMATION_FORMAT = "dwarf-with-dsym";
				ENABLE_NS_ASSERTIONS = NO;
				ENABLE_STRICT_OBJC_MSGSEND = YES;
				GCC_C_LANGUAGE_STANDARD = gnu11;
				GCC_NO_COMMON_BLOCKS = YES;
				GCC_WARN_64_TO_32_BIT_CONVERSION = YES;
				GCC_WARN_ABOUT_RETURN_TYPE = YES_ERROR;
				GCC_WARN_UNDECLARED_SELECTOR = YES;
				GCC_WARN_UNINITIALIZED_AUTOS = YES_AGGRESSIVE;
				GCC_WARN_UNUSED_FUNCTION = YES;
				GCC_WARN_UNUSED_VARIABLE = YES;
				IPHONEOS_DEPLOYMENT_TARGET = 16;
				MTL_ENABLE_DEBUG_INFO = NO;
				MTL_FAST_MATH = YES;
				SDKROOT = iphoneos;
				SWIFT_COMPILATION_MODE = wholemodule;
				SWIFT_OPTIMIZATION_LEVEL = "-O";
				VALIDATE_PRODUCT = YES;
			};
			name = Release;
		};
		09ADDC6E28D5C1F8007B6623 /* Debug */ = {
			isa = XCBuildConfiguration;
			buildSettings = {
				ASSETCATALOG_COMPILER_APPICON_NAME = AppIcon;
				ASSETCATALOG_COMPILER_GLOBAL_ACCENT_COLOR_NAME = AccentColor;
				CODE_SIGN_STYLE = Automatic;
				CURRENT_PROJECT_VERSION = 1;
				DEVELOPMENT_TEAM = "";
				GENERATE_INFOPLIST_FILE = YES;
				INFOPLIST_FILE = MentalHealth/Info.plist;
				INFOPLIST_KEY_UIApplicationSupportsIndirectInputEvents = YES;
				INFOPLIST_KEY_UILaunchStoryboardName = LaunchScreen;
				INFOPLIST_KEY_UISupportedInterfaceOrientations = UIInterfaceOrientationPortrait;
				INFOPLIST_KEY_UISupportedInterfaceOrientations_iPad = "UIInterfaceOrientationLandscapeLeft UIInterfaceOrientationLandscapeRight UIInterfaceOrientationPortrait UIInterfaceOrientationPortraitUpsideDown";
				LD_RUNPATH_SEARCH_PATHS = (
					"$(inherited)",
					"@executable_path/Frameworks",
				);
				MARKETING_VERSION = 1.0;
				PRODUCT_BUNDLE_IDENTIFIER = com.essence.MentalHealth;
				PRODUCT_NAME = "$(TARGET_NAME)";
				SUPPORTED_PLATFORMS = "iphoneos iphonesimulator";
				SUPPORTS_MACCATALYST = NO;
				SUPPORTS_MAC_DESIGNED_FOR_IPHONE_IPAD = NO;
				SWIFT_EMIT_LOC_STRINGS = YES;
				SWIFT_VERSION = 5.0;
				TARGETED_DEVICE_FAMILY = 1;
			};
			name = Debug;
		};
		09ADDC6F28D5C1F8007B6623 /* Release */ = {
			isa = XCBuildConfiguration;
			buildSettings = {
				ASSETCATALOG_COMPILER_APPICON_NAME = AppIcon;
				ASSETCATALOG_COMPILER_GLOBAL_ACCENT_COLOR_NAME = AccentColor;
				CODE_SIGN_STYLE = Automatic;
				CURRENT_PROJECT_VERSION = 1;
				DEVELOPMENT_TEAM = "";
				GENERATE_INFOPLIST_FILE = YES;
				INFOPLIST_FILE = MentalHealth/Info.plist;
				INFOPLIST_KEY_UIApplicationSupportsIndirectInputEvents = YES;
				INFOPLIST_KEY_UILaunchStoryboardName = LaunchScreen;
				INFOPLIST_KEY_UISupportedInterfaceOrientations = UIInterfaceOrientationPortrait;
				INFOPLIST_KEY_UISupportedInterfaceOrientations_iPad = "UIInterfaceOrientationLandscapeLeft UIInterfaceOrientationLandscapeRight UIInterfaceOrientationPortrait UIInterfaceOrientationPortraitUpsideDown";
				LD_RUNPATH_SEARCH_PATHS = (
					"$(inherited)",
					"@executable_path/Frameworks",
				);
				MARKETING_VERSION = 1.0;
				PRODUCT_BUNDLE_IDENTIFIER = com.essence.MentalHealth;
				PRODUCT_NAME = "$(TARGET_NAME)";
				SUPPORTED_PLATFORMS = "iphoneos iphonesimulator";
				SUPPORTS_MACCATALYST = NO;
				SUPPORTS_MAC_DESIGNED_FOR_IPHONE_IPAD = NO;
				SWIFT_EMIT_LOC_STRINGS = YES;
				SWIFT_VERSION = 5.0;
				TARGETED_DEVICE_FAMILY = 1;
			};
			name = Release;
		};
/* End XCBuildConfiguration section */

/* Begin XCConfigurationList section */
		09ADDC5128D5C1F6007B6623 /* Build configuration list for PBXProject "MentalHealth" */ = {
			isa = XCConfigurationList;
			buildConfigurations = (
				09ADDC6B28D5C1F8007B6623 /* Debug */,
				09ADDC6C28D5C1F8007B6623 /* Release */,
			);
			defaultConfigurationIsVisible = 0;
			defaultConfigurationName = Release;
		};
		09ADDC6D28D5C1F8007B6623 /* Build configuration list for PBXNativeTarget "MentalHealth" */ = {
			isa = XCConfigurationList;
			buildConfigurations = (
				09ADDC6E28D5C1F8007B6623 /* Debug */,
				09ADDC6F28D5C1F8007B6623 /* Release */,
			);
			defaultConfigurationIsVisible = 0;
			defaultConfigurationName = Release;
		};
/* End XCConfigurationList section */

/* Begin XCRemoteSwiftPackageReference section */
		D9AD694128D5CA7000610D64 /* XCRemoteSwiftPackageReference "CombineCocoa" */ = {
			isa = XCRemoteSwiftPackageReference;
			repositoryURL = "https://github.com/CombineCommunity/CombineCocoa";
			requirement = {
				branch = main;
				kind = branch;
			};
		};
/* End XCRemoteSwiftPackageReference section */

/* Begin XCSwiftPackageProductDependency section */
		D9AD694228D5CA7000610D64 /* CombineCocoa */ = {
			isa = XCSwiftPackageProductDependency;
			package = D9AD694128D5CA7000610D64 /* XCRemoteSwiftPackageReference "CombineCocoa" */;
			productName = CombineCocoa;
		};
/* End XCSwiftPackageProductDependency section */

/* Begin XCVersionGroup section */
		09ADDC6228D5C1F6007B6623 /* MentalHealth.xcdatamodeld */ = {
			isa = XCVersionGroup;
			children = (
				09ADDC6328D5C1F6007B6623 /* MentalHealth.xcdatamodel */,
			);
			currentVersion = 09ADDC6328D5C1F6007B6623 /* MentalHealth.xcdatamodel */;
			path = MentalHealth.xcdatamodeld;
			sourceTree = "<group>";
			versionGroupType = wrapper.xcdatamodel;
		};
/* End XCVersionGroup section */
	};
	rootObject = 09ADDC4E28D5C1F6007B6623 /* Project object */;
}
